
Microsoft Visual Studio Solution File, Format Version 12.00
# Visual Studio Version 17
VisualStudioVersion = 17.1.32319.34
MinimumVisualStudioVersion = 10.0.40219.1
Project("{FAE04EC0-301F-11D3-BF4B-00C04F79EFBC}") = "IA.Restaurant.Api", "IA.Restaurant.Api\IA.Restaurant.Api.csproj", "{E60BD605-C1DF-4629-876A-6A7F929C925E}"
EndProject
Project("{FAE04EC0-301F-11D3-BF4B-00C04F79EFBC}") = "IA.Restaurant.Data", "IA.Restaurant.Data\IA.Restaurant.Data.csproj", "{0BAF4E62-952F-42E6-B6E2-093733C6CB26}"
EndProject
Project("{FAE04EC0-301F-11D3-BF4B-00C04F79EFBC}") = "IA.Restaurant.Logic", "IA.Restaurant.Logic\IA.Restaurant.Logic.csproj", "{4FEF5FED-2959-4627-A14F-FF637786A880}"
EndProject
Project("{FAE04EC0-301F-11D3-BF4B-00C04F79EFBC}") = "IA.Restaurant.Entities", "IA.Restaurant.Entities\IA.Restaurant.Entities.csproj", "{17396F5F-64ED-4B5D-AFB5-2EAF62DC60D8}"
EndProject
Project("{FAE04EC0-301F-11D3-BF4B-00C04F79EFBC}") = "IA.Restaurant.Utils", "IA.Restaurant.Utils\IA.Restaurant.Utils.csproj", "{EBA1ECD5-76E8-4F25-A7E8-D134B8F57DD1}"
EndProject
Global
	GlobalSection(SolutionConfigurationPlatforms) = preSolution
		Debug|Any CPU = Debug|Any CPU
		Release|Any CPU = Release|Any CPU
	EndGlobalSection
	GlobalSection(ProjectConfigurationPlatforms) = postSolution
		{E60BD605-C1DF-4629-876A-6A7F929C925E}.Debug|Any CPU.ActiveCfg = Debug|Any CPU
		{E60BD605-C1DF-4629-876A-6A7F929C925E}.Debug|Any CPU.Build.0 = Debug|Any CPU
		{E60BD605-C1DF-4629-876A-6A7F929C925E}.Release|Any CPU.ActiveCfg = Release|Any CPU
		{E60BD605-C1DF-4629-876A-6A7F929C925E}.Release|Any CPU.Build.0 = Release|Any CPU
		{0BAF4E62-952F-42E6-B6E2-093733C6CB26}.Debug|Any CPU.ActiveCfg = Debug|Any CPU
		{0BAF4E62-952F-42E6-B6E2-093733C6CB26}.Debug|Any CPU.Build.0 = Debug|Any CPU
		{0BAF4E62-952F-42E6-B6E2-093733C6CB26}.Release|Any CPU.ActiveCfg = Release|Any CPU
		{0BAF4E62-952F-42E6-B6E2-093733C6CB26}.Release|Any CPU.Build.0 = Release|Any CPU
		{4FEF5FED-2959-4627-A14F-FF637786A880}.Debug|Any CPU.ActiveCfg = Debug|Any CPU
		{4FEF5FED-2959-4627-A14F-FF637786A880}.Debug|Any CPU.Build.0 = Debug|Any CPU
		{4FEF5FED-2959-4627-A14F-FF637786A880}.Release|Any CPU.ActiveCfg = Release|Any CPU
		{4FEF5FED-2959-4627-A14F-FF637786A880}.Release|Any CPU.Build.0 = Release|Any CPU
		{17396F5F-64ED-4B5D-AFB5-2EAF62DC60D8}.Debug|Any CPU.ActiveCfg = Debug|Any CPU
		{17396F5F-64ED-4B5D-AFB5-2EAF62DC60D8}.Debug|Any CPU.Build.0 = Debug|Any CPU
		{17396F5F-64ED-4B5D-AFB5-2EAF62DC60D8}.Release|Any CPU.ActiveCfg = Release|Any CPU
		{17396F5F-64ED-4B5D-AFB5-2EAF62DC60D8}.Release|Any CPU.Build.0 = Release|Any CPU
		{EBA1ECD5-76E8-4F25-A7E8-D134B8F57DD1}.Debug|Any CPU.ActiveCfg = Debug|Any CPU
		{EBA1ECD5-76E8-4F25-A7E8-D134B8F57DD1}.Debug|Any CPU.Build.0 = Debug|Any CPU
		{EBA1ECD5-76E8-4F25-A7E8-D134B8F57DD1}.Release|Any CPU.ActiveCfg = Release|Any CPU
		{EBA1ECD5-76E8-4F25-A7E8-D134B8F57DD1}.Release|Any CPU.Build.0 = Release|Any CPU
	EndGlobalSection
	GlobalSection(SolutionProperties) = preSolution
		HideSolutionNode = FALSE
	EndGlobalSection
	GlobalSection(ExtensibilityGlobals) = postSolution
		SolutionGuid = {5750F357-1FA3-490D-A231-8A8F83DA822F}
	EndGlobalSection
EndGlobal
